// !$*UTF8*$!
{
	archiveVersion = 1;
	classes = {
	};
	objectVersion = 55;
	objects = {

/* Begin PBXBuildFile section */
		18167CDD29910A590065A271 /* AppDelegate.swift in Sources */ = {isa = PBXBuildFile; fileRef = 18167CDC29910A590065A271 /* AppDelegate.swift */; };
		18167CDF29910A590065A271 /* SceneDelegate.swift in Sources */ = {isa = PBXBuildFile; fileRef = 18167CDE29910A590065A271 /* SceneDelegate.swift */; };
		18167CE129910A590065A271 /* RewardsListVC.swift in Sources */ = {isa = PBXBuildFile; fileRef = 18167CE029910A590065A271 /* RewardsListVC.swift */; };
		18167CE629910A5E0065A271 /* Assets.xcassets in Resources */ = {isa = PBXBuildFile; fileRef = 18167CE529910A5E0065A271 /* Assets.xcassets */; };
		18167CE929910A5E0065A271 /* LaunchScreen.storyboard in Resources */ = {isa = PBXBuildFile; fileRef = 18167CE729910A5E0065A271 /* LaunchScreen.storyboard */; };
		1885C68129912CEC00C4A159 /* TableViewCell.swift in Sources */ = {isa = PBXBuildFile; fileRef = 1885C67F29912CEC00C4A159 /* TableViewCell.swift */; };
		1885C68229912CEC00C4A159 /* TableViewCell.xib in Resources */ = {isa = PBXBuildFile; fileRef = 1885C68029912CEC00C4A159 /* TableViewCell.xib */; };
		1885C68429913AF400C4A159 /* UIColorExtension.swift in Sources */ = {isa = PBXBuildFile; fileRef = 1885C68329913AF300C4A159 /* UIColorExtension.swift */; };
		1885C68A2991411400C4A159 /* DetailVC.swift in Sources */ = {isa = PBXBuildFile; fileRef = 1885C6882991411400C4A159 /* DetailVC.swift */; };
		1885C68B2991411400C4A159 /* DetailVC.xib in Resources */ = {isa = PBXBuildFile; fileRef = 1885C6892991411400C4A159 /* DetailVC.xib */; };
		1898F44D29A757780056098E /* OnBoardingVC.swift in Sources */ = {isa = PBXBuildFile; fileRef = 1898F44B29A757780056098E /* OnBoardingVC.swift */; };
		1898F45529A785F80056098E /* OnBoardingCVC.swift in Sources */ = {isa = PBXBuildFile; fileRef = 1898F45329A785F80056098E /* OnBoardingCVC.swift */; };
		1898F45629A785F80056098E /* OnBoardingCVC.xib in Resources */ = {isa = PBXBuildFile; fileRef = 1898F45429A785F80056098E /* OnBoardingCVC.xib */; };
		1898F45829A7B0DD0056098E /* PrivacyPolicyVC.swift in Sources */ = {isa = PBXBuildFile; fileRef = 1898F45729A7B0DD0056098E /* PrivacyPolicyVC.swift */; };
		189C2CE1299CF52C00B79C3C /* GamesListVC.swift in Sources */ = {isa = PBXBuildFile; fileRef = 189C2CE0299CF52C00B79C3C /* GamesListVC.swift */; };
		189C2CE4299CF9E100B79C3C /* GamesCVC.swift in Sources */ = {isa = PBXBuildFile; fileRef = 189C2CE2299CF9E100B79C3C /* GamesCVC.swift */; };
		189C2CE5299CF9E100B79C3C /* GamesCVC.xib in Resources */ = {isa = PBXBuildFile; fileRef = 189C2CE3299CF9E100B79C3C /* GamesCVC.xib */; };
		189C2CE7299D789700B79C3C /* coinicon.json in Resources */ = {isa = PBXBuildFile; fileRef = 189C2CE6299D789700B79C3C /* coinicon.json */; };
		18A26288299E43B80034551A /* Services.swift in Sources */ = {isa = PBXBuildFile; fileRef = 18A26287299E43B80034551A /* Services.swift */; };
		18A2628A299E4AA00034551A /* Rewards.swift in Sources */ = {isa = PBXBuildFile; fileRef = 18A26289299E4AA00034551A /* Rewards.swift */; };
		18AB5292299FAA4D001C2797 /* rocket1.json in Resources */ = {isa = PBXBuildFile; fileRef = 18AB5291299FAA4D001C2797 /* rocket1.json */; };
		18B4C8A8299BAAC20002764A /* HomeScreenVC.swift in Sources */ = {isa = PBXBuildFile; fileRef = 18B4C8A7299BAAC20002764A /* HomeScreenVC.swift */; };
		18B4C8AC299BAB770002764A /* HomeCVC.swift in Sources */ = {isa = PBXBuildFile; fileRef = 18B4C8AA299BAB770002764A /* HomeCVC.swift */; };
		18B4C8AD299BAB770002764A /* HomeCVC.xib in Resources */ = {isa = PBXBuildFile; fileRef = 18B4C8AB299BAB770002764A /* HomeCVC.xib */; };
		1D2D91A129AAB476008810DF /* ProcessUtill.swift in Sources */ = {isa = PBXBuildFile; fileRef = 1D2D91A029AAB476008810DF /* ProcessUtill.swift */; };
		1D2D91A529AAB653008810DF /* AnimatedSplashVC.swift in Sources */ = {isa = PBXBuildFile; fileRef = 1D2D91A329AAB653008810DF /* AnimatedSplashVC.swift */; };
		1D2D91A629AAB653008810DF /* AnimatedSplashVC.xib in Resources */ = {isa = PBXBuildFile; fileRef = 1D2D91A429AAB653008810DF /* AnimatedSplashVC.xib */; };
		1D66A42829A803EC00E7F6F5 /* RewardsListVC.xib in Resources */ = {isa = PBXBuildFile; fileRef = 1D66A42729A803EC00E7F6F5 /* RewardsListVC.xib */; };
		1D66A42D29A8090E00E7F6F5 /* CollectRewardVC.swift in Sources */ = {isa = PBXBuildFile; fileRef = 1D66A42B29A8090E00E7F6F5 /* CollectRewardVC.swift */; };
		1D66A42E29A8090E00E7F6F5 /* CollectRewardVC.xib in Resources */ = {isa = PBXBuildFile; fileRef = 1D66A42C29A8090E00E7F6F5 /* CollectRewardVC.xib */; };
		1D66A43029A80E3E00E7F6F5 /* UserDefaultsManager.swift in Sources */ = {isa = PBXBuildFile; fileRef = 1D66A42F29A80E3E00E7F6F5 /* UserDefaultsManager.swift */; };
		1D7C2A1E29AB978B00D6FD0D /* coin.json in Resources */ = {isa = PBXBuildFile; fileRef = 1D7C2A1C29AB978A00D6FD0D /* coin.json */; };
		1D7C2A1F29AB978B00D6FD0D /* giftbox.json in Resources */ = {isa = PBXBuildFile; fileRef = 1D7C2A1D29AB978B00D6FD0D /* giftbox.json */; };
		1DA6F66529A7F90000433D45 /* WebViewVC.swift in Sources */ = {isa = PBXBuildFile; fileRef = 1DA6F66329A7F90000433D45 /* WebViewVC.swift */; };
		1DA6F66629A7F90000433D45 /* WebViewVC.xib in Resources */ = {isa = PBXBuildFile; fileRef = 1DA6F66429A7F90000433D45 /* WebViewVC.xib */; };
		1DA6F66829A7FB7C00433D45 /* HomeScreenVC.xib in Resources */ = {isa = PBXBuildFile; fileRef = 1DA6F66729A7FB7C00433D45 /* HomeScreenVC.xib */; };
		1DA6F66A29A7FC1A00433D45 /* GamesListVC.xib in Resources */ = {isa = PBXBuildFile; fileRef = 1DA6F66929A7FC1A00433D45 /* GamesListVC.xib */; };
		1DA6F66C29A7FD7700433D45 /* OnBoardingVC.xib in Resources */ = {isa = PBXBuildFile; fileRef = 1DA6F66B29A7FD7700433D45 /* OnBoardingVC.xib */; };
		1DA6F66E29A7FD8600433D45 /* PrivacyPolicyVC.xib in Resources */ = {isa = PBXBuildFile; fileRef = 1DA6F66D29A7FD8600433D45 /* PrivacyPolicyVC.xib */; };
		1DB827BF29A9E89E00EE1471 /* LoadingView.swift in Sources */ = {isa = PBXBuildFile; fileRef = 1DB827BE29A9E89E00EE1471 /* LoadingView.swift */; };
		1DB827C129A9E8FF00EE1471 /* UIView+Extension .swift in Sources */ = {isa = PBXBuildFile; fileRef = 1DB827C029A9E8FF00EE1471 /* UIView+Extension .swift */; };
		51B88E7E549ACE1D8FB4A876 /* Pods_DD_Rewards.framework in Frameworks */ = {isa = PBXBuildFile; fileRef = E230491A34F09C11954F8CF9 /* Pods_DD_Rewards.framework */; };
/* End PBXBuildFile section */

/* Begin PBXFileReference section */
		18167CD929910A590065A271 /* DD Rewards.app */ = {isa = PBXFileReference; explicitFileType = wrapper.application; includeInIndex = 0; path = "DD Rewards.app"; sourceTree = BUILT_PRODUCTS_DIR; };
		18167CDC29910A590065A271 /* AppDelegate.swift */ = {isa = PBXFileReference; lastKnownFileType = sourcecode.swift; path = AppDelegate.swift; sourceTree = "<group>"; };
		18167CDE29910A590065A271 /* SceneDelegate.swift */ = {isa = PBXFileReference; lastKnownFileType = sourcecode.swift; path = SceneDelegate.swift; sourceTree = "<group>"; };
		18167CE029910A590065A271 /* RewardsListVC.swift */ = {isa = PBXFileReference; lastKnownFileType = sourcecode.swift; path = RewardsListVC.swift; sourceTree = "<group>"; };
		18167CE529910A5E0065A271 /* Assets.xcassets */ = {isa = PBXFileReference; lastKnownFileType = folder.assetcatalog; path = Assets.xcassets; sourceTree = "<group>"; };
		18167CE829910A5E0065A271 /* Base */ = {isa = PBXFileReference; lastKnownFileType = file.storyboard; name = Base; path = Base.lproj/LaunchScreen.storyboard; sourceTree = "<group>"; };
		18167CEA29910A5E0065A271 /* Info.plist */ = {isa = PBXFileReference; lastKnownFileType = text.plist.xml; path = Info.plist; sourceTree = "<group>"; };
		1885C67F29912CEC00C4A159 /* TableViewCell.swift */ = {isa = PBXFileReference; lastKnownFileType = sourcecode.swift; path = TableViewCell.swift; sourceTree = "<group>"; };
		1885C68029912CEC00C4A159 /* TableViewCell.xib */ = {isa = PBXFileReference; lastKnownFileType = file.xib; path = TableViewCell.xib; sourceTree = "<group>"; };
		1885C68329913AF300C4A159 /* UIColorExtension.swift */ = {isa = PBXFileReference; fileEncoding = 4; lastKnownFileType = sourcecode.swift; path = UIColorExtension.swift; sourceTree = "<group>"; };
		1885C6882991411400C4A159 /* DetailVC.swift */ = {isa = PBXFileReference; lastKnownFileType = sourcecode.swift; path = DetailVC.swift; sourceTree = "<group>"; };
		1885C6892991411400C4A159 /* DetailVC.xib */ = {isa = PBXFileReference; lastKnownFileType = file.xib; path = DetailVC.xib; sourceTree = "<group>"; };
		1898F44B29A757780056098E /* OnBoardingVC.swift */ = {isa = PBXFileReference; lastKnownFileType = sourcecode.swift; path = OnBoardingVC.swift; sourceTree = "<group>"; };
		1898F45329A785F80056098E /* OnBoardingCVC.swift */ = {isa = PBXFileReference; lastKnownFileType = sourcecode.swift; path = OnBoardingCVC.swift; sourceTree = "<group>"; };
		1898F45429A785F80056098E /* OnBoardingCVC.xib */ = {isa = PBXFileReference; lastKnownFileType = file.xib; path = OnBoardingCVC.xib; sourceTree = "<group>"; };
		1898F45729A7B0DD0056098E /* PrivacyPolicyVC.swift */ = {isa = PBXFileReference; lastKnownFileType = sourcecode.swift; path = PrivacyPolicyVC.swift; sourceTree = "<group>"; };
		189C2CE0299CF52C00B79C3C /* GamesListVC.swift */ = {isa = PBXFileReference; lastKnownFileType = sourcecode.swift; path = GamesListVC.swift; sourceTree = "<group>"; };
		189C2CE2299CF9E100B79C3C /* GamesCVC.swift */ = {isa = PBXFileReference; lastKnownFileType = sourcecode.swift; path = GamesCVC.swift; sourceTree = "<group>"; };
		189C2CE3299CF9E100B79C3C /* GamesCVC.xib */ = {isa = PBXFileReference; lastKnownFileType = file.xib; path = GamesCVC.xib; sourceTree = "<group>"; };
		189C2CE6299D789700B79C3C /* coinicon.json */ = {isa = PBXFileReference; fileEncoding = 4; lastKnownFileType = text.json; path = coinicon.json; sourceTree = "<group>"; };
		18A26287299E43B80034551A /* Services.swift */ = {isa = PBXFileReference; lastKnownFileType = sourcecode.swift; path = Services.swift; sourceTree = "<group>"; };
		18A26289299E4AA00034551A /* Rewards.swift */ = {isa = PBXFileReference; lastKnownFileType = sourcecode.swift; path = Rewards.swift; sourceTree = "<group>"; };
		18AB5291299FAA4D001C2797 /* rocket1.json */ = {isa = PBXFileReference; fileEncoding = 4; lastKnownFileType = text.json; path = rocket1.json; sourceTree = "<group>"; };
		18B4C8A7299BAAC20002764A /* HomeScreenVC.swift */ = {isa = PBXFileReference; lastKnownFileType = sourcecode.swift; path = HomeScreenVC.swift; sourceTree = "<group>"; };
		18B4C8AA299BAB770002764A /* HomeCVC.swift */ = {isa = PBXFileReference; lastKnownFileType = sourcecode.swift; path = HomeCVC.swift; sourceTree = "<group>"; };
		18B4C8AB299BAB770002764A /* HomeCVC.xib */ = {isa = PBXFileReference; lastKnownFileType = file.xib; path = HomeCVC.xib; sourceTree = "<group>"; };
		1D2D91A029AAB476008810DF /* ProcessUtill.swift */ = {isa = PBXFileReference; lastKnownFileType = sourcecode.swift; path = ProcessUtill.swift; sourceTree = "<group>"; };
		1D2D91A329AAB653008810DF /* AnimatedSplashVC.swift */ = {isa = PBXFileReference; lastKnownFileType = sourcecode.swift; path = AnimatedSplashVC.swift; sourceTree = "<group>"; };
		1D2D91A429AAB653008810DF /* AnimatedSplashVC.xib */ = {isa = PBXFileReference; lastKnownFileType = file.xib; path = AnimatedSplashVC.xib; sourceTree = "<group>"; };
		1D66A42729A803EC00E7F6F5 /* RewardsListVC.xib */ = {isa = PBXFileReference; lastKnownFileType = file.xib; path = RewardsListVC.xib; sourceTree = "<group>"; };
		1D66A42B29A8090E00E7F6F5 /* CollectRewardVC.swift */ = {isa = PBXFileReference; lastKnownFileType = sourcecode.swift; path = CollectRewardVC.swift; sourceTree = "<group>"; };
		1D66A42C29A8090E00E7F6F5 /* CollectRewardVC.xib */ = {isa = PBXFileReference; lastKnownFileType = file.xib; path = CollectRewardVC.xib; sourceTree = "<group>"; };
		1D66A42F29A80E3E00E7F6F5 /* UserDefaultsManager.swift */ = {isa = PBXFileReference; lastKnownFileType = sourcecode.swift; path = UserDefaultsManager.swift; sourceTree = "<group>"; };
		1D7C2A1C29AB978A00D6FD0D /* coin.json */ = {isa = PBXFileReference; fileEncoding = 4; lastKnownFileType = text.json; path = coin.json; sourceTree = "<group>"; };
		1D7C2A1D29AB978B00D6FD0D /* giftbox.json */ = {isa = PBXFileReference; fileEncoding = 4; lastKnownFileType = text.json; path = giftbox.json; sourceTree = "<group>"; };
		1DA6F66329A7F90000433D45 /* WebViewVC.swift */ = {isa = PBXFileReference; lastKnownFileType = sourcecode.swift; path = WebViewVC.swift; sourceTree = "<group>"; };
		1DA6F66429A7F90000433D45 /* WebViewVC.xib */ = {isa = PBXFileReference; lastKnownFileType = file.xib; path = WebViewVC.xib; sourceTree = "<group>"; };
		1DA6F66729A7FB7C00433D45 /* HomeScreenVC.xib */ = {isa = PBXFileReference; lastKnownFileType = file.xib; path = HomeScreenVC.xib; sourceTree = "<group>"; };
		1DA6F66929A7FC1A00433D45 /* GamesListVC.xib */ = {isa = PBXFileReference; lastKnownFileType = file.xib; path = GamesListVC.xib; sourceTree = "<group>"; };
		1DA6F66B29A7FD7700433D45 /* OnBoardingVC.xib */ = {isa = PBXFileReference; lastKnownFileType = file.xib; path = OnBoardingVC.xib; sourceTree = "<group>"; };
		1DA6F66D29A7FD8600433D45 /* PrivacyPolicyVC.xib */ = {isa = PBXFileReference; lastKnownFileType = file.xib; path = PrivacyPolicyVC.xib; sourceTree = "<group>"; };
		1DB827BE29A9E89E00EE1471 /* LoadingView.swift */ = {isa = PBXFileReference; lastKnownFileType = sourcecode.swift; path = LoadingView.swift; sourceTree = "<group>"; };
		1DB827C029A9E8FF00EE1471 /* UIView+Extension .swift */ = {isa = PBXFileReference; lastKnownFileType = sourcecode.swift; path = "UIView+Extension .swift"; sourceTree = "<group>"; };
		7D640F2A5B997EF8347A6583 /* Pods-DD Rewards.release.xcconfig */ = {isa = PBXFileReference; includeInIndex = 1; lastKnownFileType = text.xcconfig; name = "Pods-DD Rewards.release.xcconfig"; path = "Target Support Files/Pods-DD Rewards/Pods-DD Rewards.release.xcconfig"; sourceTree = "<group>"; };
		BCA7463454E38D697E5B5986 /* Pods-DD Rewards.debug.xcconfig */ = {isa = PBXFileReference; includeInIndex = 1; lastKnownFileType = text.xcconfig; name = "Pods-DD Rewards.debug.xcconfig"; path = "Target Support Files/Pods-DD Rewards/Pods-DD Rewards.debug.xcconfig"; sourceTree = "<group>"; };
		E230491A34F09C11954F8CF9 /* Pods_DD_Rewards.framework */ = {isa = PBXFileReference; explicitFileType = wrapper.framework; includeInIndex = 0; path = Pods_DD_Rewards.framework; sourceTree = BUILT_PRODUCTS_DIR; };
/* End PBXFileReference section */

/* Begin PBXFrameworksBuildPhase section */
		18167CD629910A590065A271 /* Frameworks */ = {
			isa = PBXFrameworksBuildPhase;
			buildActionMask = 2147483647;
			files = (
				51B88E7E549ACE1D8FB4A876 /* Pods_DD_Rewards.framework in Frameworks */,
			);
			runOnlyForDeploymentPostprocessing = 0;
		};
/* End PBXFrameworksBuildPhase section */

/* Begin PBXGroup section */
		18167CD029910A590065A271 = {
			isa = PBXGroup;
			children = (
				18167CDB29910A590065A271 /* DD Rewards */,
				18167CDA29910A590065A271 /* Products */,
				2579326CB661463070DB45FC /* Pods */,
				D5BD918050472CCC0BC9E56D /* Frameworks */,
			);
			sourceTree = "<group>";
		};
		18167CDA29910A590065A271 /* Products */ = {
			isa = PBXGroup;
			children = (
				18167CD929910A590065A271 /* DD Rewards.app */,
			);
			name = Products;
			sourceTree = "<group>";
		};
		18167CDB29910A590065A271 /* DD Rewards */ = {
			isa = PBXGroup;
			children = (
				1D2D91A229AAB634008810DF /* AnimatedSplashVC */,
				1DB827BD29A9E88A00EE1471 /* CuastomViews */,
				1D66A42A29A808DF00E7F6F5 /* CollectRewardVC */,
				1D66A42929A808D400E7F6F5 /* RewardsListVC */,
				18167CDC29910A590065A271 /* AppDelegate.swift */,
				18167CDE29910A590065A271 /* SceneDelegate.swift */,
				18B4C8A9299BAB240002764A /* HomeScreenVC */,
				1898F44629A7563C0056098E /* OnBoardingVC */,
				189C2CD7299CEA4C00B79C3C /* GamesListVC */,
				1885C6872991409E00C4A159 /* TableViewCell */,
				1885C6862991408D00C4A159 /* DetailVC */,
				1DA6F66229A7F8E000433D45 /* WebViewVC */,
				18A26287299E43B80034551A /* Services.swift */,
				18A26289299E4AA00034551A /* Rewards.swift */,
				18167CE529910A5E0065A271 /* Assets.xcassets */,
				18AB5291299FAA4D001C2797 /* rocket1.json */,
				189C2CE6299D789700B79C3C /* coinicon.json */,
				18167CE729910A5E0065A271 /* LaunchScreen.storyboard */,
				18167CEA29910A5E0065A271 /* Info.plist */,
				1885C68529913AFA00C4A159 /* Fonts */,
				1D66A42F29A80E3E00E7F6F5 /* UserDefaultsManager.swift */,
				1D7C2A1C29AB978A00D6FD0D /* coin.json */,
				1D7C2A1D29AB978B00D6FD0D /* giftbox.json */,
				1D2D91A029AAB476008810DF /* ProcessUtill.swift */,
			);
			path = "DD Rewards";
			sourceTree = "<group>";
		};
		1885C68529913AFA00C4A159 /* Fonts */ = {
			isa = PBXGroup;
			children = (
				1885C68329913AF300C4A159 /* UIColorExtension.swift */,
			);
			path = Fonts;
			sourceTree = "<group>";
		};
		1885C6862991408D00C4A159 /* DetailVC */ = {
			isa = PBXGroup;
			children = (
				1885C6882991411400C4A159 /* DetailVC.swift */,
				1885C6892991411400C4A159 /* DetailVC.xib */,
			);
			path = DetailVC;
			sourceTree = "<group>";
		};
		1885C6872991409E00C4A159 /* TableViewCell */ = {
			isa = PBXGroup;
			children = (
				1885C67F29912CEC00C4A159 /* TableViewCell.swift */,
				1885C68029912CEC00C4A159 /* TableViewCell.xib */,
			);
			path = TableViewCell;
			sourceTree = "<group>";
		};
		1898F44629A7563C0056098E /* OnBoardingVC */ = {
			isa = PBXGroup;
			children = (
				1898F44B29A757780056098E /* OnBoardingVC.swift */,
				1898F45729A7B0DD0056098E /* PrivacyPolicyVC.swift */,
				1898F45329A785F80056098E /* OnBoardingCVC.swift */,
				1898F45429A785F80056098E /* OnBoardingCVC.xib */,
				1DA6F66B29A7FD7700433D45 /* OnBoardingVC.xib */,
				1DA6F66D29A7FD8600433D45 /* PrivacyPolicyVC.xib */,
			);
			path = OnBoardingVC;
			sourceTree = "<group>";
		};
		189C2CD7299CEA4C00B79C3C /* GamesListVC */ = {
			isa = PBXGroup;
			children = (
				189C2CE0299CF52C00B79C3C /* GamesListVC.swift */,
				189C2CE2299CF9E100B79C3C /* GamesCVC.swift */,
				189C2CE3299CF9E100B79C3C /* GamesCVC.xib */,
				1DA6F66929A7FC1A00433D45 /* GamesListVC.xib */,
			);
			path = GamesListVC;
			sourceTree = "<group>";
		};
		18B4C8A9299BAB240002764A /* HomeScreenVC */ = {
			isa = PBXGroup;
			children = (
				1DA6F66729A7FB7C00433D45 /* HomeScreenVC.xib */,
				18B4C8A7299BAAC20002764A /* HomeScreenVC.swift */,
				18B4C8AA299BAB770002764A /* HomeCVC.swift */,
				18B4C8AB299BAB770002764A /* HomeCVC.xib */,
			);
			path = HomeScreenVC;
			sourceTree = "<group>";
		};
		1D2D91A229AAB634008810DF /* AnimatedSplashVC */ = {
			isa = PBXGroup;
			children = (
				1D2D91A329AAB653008810DF /* AnimatedSplashVC.swift */,
				1D2D91A429AAB653008810DF /* AnimatedSplashVC.xib */,
			);
			path = AnimatedSplashVC;
			sourceTree = "<group>";
		};
		1D66A42929A808D400E7F6F5 /* RewardsListVC */ = {
			isa = PBXGroup;
			children = (
				18167CE029910A590065A271 /* RewardsListVC.swift */,
				1D66A42729A803EC00E7F6F5 /* RewardsListVC.xib */,
			);
			path = RewardsListVC;
			sourceTree = "<group>";
		};
		1D66A42A29A808DF00E7F6F5 /* CollectRewardVC */ = {
			isa = PBXGroup;
			children = (
				1D66A42B29A8090E00E7F6F5 /* CollectRewardVC.swift */,
				1D66A42C29A8090E00E7F6F5 /* CollectRewardVC.xib */,
			);
			path = CollectRewardVC;
			sourceTree = "<group>";
		};
		1DA6F66229A7F8E000433D45 /* WebViewVC */ = {
			isa = PBXGroup;
			children = (
				1DA6F66329A7F90000433D45 /* WebViewVC.swift */,
				1DA6F66429A7F90000433D45 /* WebViewVC.xib */,
			);
			path = WebViewVC;
			sourceTree = "<group>";
		};
		1DB827BD29A9E88A00EE1471 /* CuastomViews */ = {
			isa = PBXGroup;
			children = (
				1DB827BE29A9E89E00EE1471 /* LoadingView.swift */,
				1DB827C029A9E8FF00EE1471 /* UIView+Extension .swift */,
			);
			path = CuastomViews;
			sourceTree = "<group>";
		};
		2579326CB661463070DB45FC /* Pods */ = {
			isa = PBXGroup;
			children = (
				BCA7463454E38D697E5B5986 /* Pods-DD Rewards.debug.xcconfig */,
				7D640F2A5B997EF8347A6583 /* Pods-DD Rewards.release.xcconfig */,
			);
			path = Pods;
			sourceTree = "<group>";
		};
		D5BD918050472CCC0BC9E56D /* Frameworks */ = {
			isa = PBXGroup;
			children = (
				E230491A34F09C11954F8CF9 /* Pods_DD_Rewards.framework */,
			);
			name = Frameworks;
			sourceTree = "<group>";
		};
/* End PBXGroup section */

/* Begin PBXNativeTarget section */
		18167CD829910A590065A271 /* DD Rewards */ = {
			isa = PBXNativeTarget;
			buildConfigurationList = 18167CED29910A5E0065A271 /* Build configuration list for PBXNativeTarget "DD Rewards" */;
			buildPhases = (
				31C22EA82D3C8ACFBBDB753A /* [CP] Check Pods Manifest.lock */,
				18167CD529910A590065A271 /* Sources */,
				18167CD629910A590065A271 /* Frameworks */,
				18167CD729910A590065A271 /* Resources */,
				0A6976C070003F6969618BB7 /* [CP] Embed Pods Frameworks */,
				48B2299DFC169B229F4FA7E9 /* [CP] Copy Pods Resources */,
			);
			buildRules = (
			);
			dependencies = (
			);
			name = "DD Rewards";
			productName = "DD Rewards";
			productReference = 18167CD929910A590065A271 /* DD Rewards.app */;
			productType = "com.apple.product-type.application";
		};
/* End PBXNativeTarget section */

/* Begin PBXProject section */
		18167CD129910A590065A271 /* Project object */ = {
			isa = PBXProject;
			attributes = {
				BuildIndependentTargetsInParallel = 1;
				LastSwiftUpdateCheck = 1340;
				LastUpgradeCheck = 1340;
				TargetAttributes = {
					18167CD829910A590065A271 = {
						CreatedOnToolsVersion = 13.4;
					};
				};
			};
			buildConfigurationList = 18167CD429910A590065A271 /* Build configuration list for PBXProject "DD Rewards" */;
			compatibilityVersion = "Xcode 13.0";
			developmentRegion = en;
			hasScannedForEncodings = 0;
			knownRegions = (
				en,
				Base,
			);
			mainGroup = 18167CD029910A590065A271;
			productRefGroup = 18167CDA29910A590065A271 /* Products */;
			projectDirPath = "";
			projectRoot = "";
			targets = (
				18167CD829910A590065A271 /* DD Rewards */,
			);
		};
/* End PBXProject section */

/* Begin PBXResourcesBuildPhase section */
		18167CD729910A590065A271 /* Resources */ = {
			isa = PBXResourcesBuildPhase;
			buildActionMask = 2147483647;
			files = (
				1D7C2A1E29AB978B00D6FD0D /* coin.json in Resources */,
				18167CE929910A5E0065A271 /* LaunchScreen.storyboard in Resources */,
				1DA6F66629A7F90000433D45 /* WebViewVC.xib in Resources */,
				1DA6F66E29A7FD8600433D45 /* PrivacyPolicyVC.xib in Resources */,
				1885C68229912CEC00C4A159 /* TableViewCell.xib in Resources */,
				1D7C2A1F29AB978B00D6FD0D /* giftbox.json in Resources */,
				18167CE629910A5E0065A271 /* Assets.xcassets in Resources */,
				1898F45629A785F80056098E /* OnBoardingCVC.xib in Resources */,
				189C2CE7299D789700B79C3C /* coinicon.json in Resources */,
				189C2CE5299CF9E100B79C3C /* GamesCVC.xib in Resources */,
				1D66A42E29A8090E00E7F6F5 /* CollectRewardVC.xib in Resources */,
				1DA6F66829A7FB7C00433D45 /* HomeScreenVC.xib in Resources */,
				1D2D91A629AAB653008810DF /* AnimatedSplashVC.xib in Resources */,
				18AB5292299FAA4D001C2797 /* rocket1.json in Resources */,
				1DA6F66C29A7FD7700433D45 /* OnBoardingVC.xib in Resources */,
				1DA6F66A29A7FC1A00433D45 /* GamesListVC.xib in Resources */,
				1885C68B2991411400C4A159 /* DetailVC.xib in Resources */,
				18B4C8AD299BAB770002764A /* HomeCVC.xib in Resources */,
				1D66A42829A803EC00E7F6F5 /* RewardsListVC.xib in Resources */,
			);
			runOnlyForDeploymentPostprocessing = 0;
		};
/* End PBXResourcesBuildPhase section */

/* Begin PBXShellScriptBuildPhase section */
		0A6976C070003F6969618BB7 /* [CP] Embed Pods Frameworks */ = {
			isa = PBXShellScriptBuildPhase;
			buildActionMask = 2147483647;
			files = (
			);
			inputFileListPaths = (
				"${PODS_ROOT}/Target Support Files/Pods-DD Rewards/Pods-DD Rewards-frameworks-${CONFIGURATION}-input-files.xcfilelist",
			);
			name = "[CP] Embed Pods Frameworks";
			outputFileListPaths = (
				"${PODS_ROOT}/Target Support Files/Pods-DD Rewards/Pods-DD Rewards-frameworks-${CONFIGURATION}-output-files.xcfilelist",
			);
			runOnlyForDeploymentPostprocessing = 0;
			shellPath = /bin/sh;
			shellScript = "\"${PODS_ROOT}/Target Support Files/Pods-DD Rewards/Pods-DD Rewards-frameworks.sh\"\n";
			showEnvVarsInLog = 0;
		};
		31C22EA82D3C8ACFBBDB753A /* [CP] Check Pods Manifest.lock */ = {
			isa = PBXShellScriptBuildPhase;
			buildActionMask = 2147483647;
			files = (
			);
			inputFileListPaths = (
			);
			inputPaths = (
				"${PODS_PODFILE_DIR_PATH}/Podfile.lock",
				"${PODS_ROOT}/Manifest.lock",
			);
			name = "[CP] Check Pods Manifest.lock";
			outputFileListPaths = (
			);
			outputPaths = (
				"$(DERIVED_FILE_DIR)/Pods-DD Rewards-checkManifestLockResult.txt",
			);
			runOnlyForDeploymentPostprocessing = 0;
			shellPath = /bin/sh;
			shellScript = "diff \"${PODS_PODFILE_DIR_PATH}/Podfile.lock\" \"${PODS_ROOT}/Manifest.lock\" > /dev/null\nif [ $? != 0 ] ; then\n    # print error to STDERR\n    echo \"error: The sandbox is not in sync with the Podfile.lock. Run 'pod install' or update your CocoaPods installation.\" >&2\n    exit 1\nfi\n# This output is used by Xcode 'outputs' to avoid re-running this script phase.\necho \"SUCCESS\" > \"${SCRIPT_OUTPUT_FILE_0}\"\n";
			showEnvVarsInLog = 0;
		};
		48B2299DFC169B229F4FA7E9 /* [CP] Copy Pods Resources */ = {
			isa = PBXShellScriptBuildPhase;
			buildActionMask = 2147483647;
			files = (
			);
			inputFileListPaths = (
				"${PODS_ROOT}/Target Support Files/Pods-DD Rewards/Pods-DD Rewards-resources-${CONFIGURATION}-input-files.xcfilelist",
			);
			name = "[CP] Copy Pods Resources";
			outputFileListPaths = (
				"${PODS_ROOT}/Target Support Files/Pods-DD Rewards/Pods-DD Rewards-resources-${CONFIGURATION}-output-files.xcfilelist",
			);
			runOnlyForDeploymentPostprocessing = 0;
			shellPath = /bin/sh;
			shellScript = "\"${PODS_ROOT}/Target Support Files/Pods-DD Rewards/Pods-DD Rewards-resources.sh\"\n";
			showEnvVarsInLog = 0;
		};
/* End PBXShellScriptBuildPhase section */

/* Begin PBXSourcesBuildPhase section */
		18167CD529910A590065A271 /* Sources */ = {
			isa = PBXSourcesBuildPhase;
			buildActionMask = 2147483647;
			files = (
				189C2CE4299CF9E100B79C3C /* GamesCVC.swift in Sources */,
				1D66A42D29A8090E00E7F6F5 /* CollectRewardVC.swift in Sources */,
				189C2CE1299CF52C00B79C3C /* GamesListVC.swift in Sources */,
				18167CE129910A590065A271 /* RewardsListVC.swift in Sources */,
				1898F45529A785F80056098E /* OnBoardingCVC.swift in Sources */,
				1885C68129912CEC00C4A159 /* TableViewCell.swift in Sources */,
				1885C68429913AF400C4A159 /* UIColorExtension.swift in Sources */,
				1898F45829A7B0DD0056098E /* PrivacyPolicyVC.swift in Sources */,
				1D2D91A529AAB653008810DF /* AnimatedSplashVC.swift in Sources */,
				18A26288299E43B80034551A /* Services.swift in Sources */,
				18167CDD29910A590065A271 /* AppDelegate.swift in Sources */,
				18B4C8A8299BAAC20002764A /* HomeScreenVC.swift in Sources */,
				18A2628A299E4AA00034551A /* Rewards.swift in Sources */,
				1D2D91A129AAB476008810DF /* ProcessUtill.swift in Sources */,
				18B4C8AC299BAB770002764A /* HomeCVC.swift in Sources */,
				1DA6F66529A7F90000433D45 /* WebViewVC.swift in Sources */,
				1D66A43029A80E3E00E7F6F5 /* UserDefaultsManager.swift in Sources */,
				18167CDF29910A590065A271 /* SceneDelegate.swift in Sources */,
				1898F44D29A757780056098E /* OnBoardingVC.swift in Sources */,
				1DB827BF29A9E89E00EE1471 /* LoadingView.swift in Sources */,
				1885C68A2991411400C4A159 /* DetailVC.swift in Sources */,
				1DB827C129A9E8FF00EE1471 /* UIView+Extension .swift in Sources */,
			);
			runOnlyForDeploymentPostprocessing = 0;
		};
/* End PBXSourcesBuildPhase section */

/* Begin PBXVariantGroup section */
		18167CE729910A5E0065A271 /* LaunchScreen.storyboard */ = {
			isa = PBXVariantGroup;
			children = (
				18167CE829910A5E0065A271 /* Base */,
			);
			name = LaunchScreen.storyboard;
			sourceTree = "<group>";
		};
/* End PBXVariantGroup section */

/* Begin XCBuildConfiguration section */
		18167CEB29910A5E0065A271 /* Debug */ = {
			isa = XCBuildConfiguration;
			buildSettings = {
				ALWAYS_SEARCH_USER_PATHS = NO;
				CLANG_ANALYZER_NONNULL = YES;
				CLANG_ANALYZER_NUMBER_OBJECT_CONVERSION = YES_AGGRESSIVE;
				CLANG_CXX_LANGUAGE_STANDARD = "gnu++17";
				CLANG_ENABLE_MODULES = YES;
				CLANG_ENABLE_OBJC_ARC = YES;
				CLANG_ENABLE_OBJC_WEAK = YES;
				CLANG_WARN_BLOCK_CAPTURE_AUTORELEASING = YES;
				CLANG_WARN_BOOL_CONVERSION = YES;
				CLANG_WARN_COMMA = YES;
				CLANG_WARN_CONSTANT_CONVERSION = YES;
				CLANG_WARN_DEPRECATED_OBJC_IMPLEMENTATIONS = YES;
				CLANG_WARN_DIRECT_OBJC_ISA_USAGE = YES_ERROR;
				CLANG_WARN_DOCUMENTATION_COMMENTS = YES;
				CLANG_WARN_EMPTY_BODY = YES;
				CLANG_WARN_ENUM_CONVERSION = YES;
				CLANG_WARN_INFINITE_RECURSION = YES;
				CLANG_WARN_INT_CONVERSION = YES;
				CLANG_WARN_NON_LITERAL_NULL_CONVERSION = YES;
				CLANG_WARN_OBJC_IMPLICIT_RETAIN_SELF = YES;
				CLANG_WARN_OBJC_LITERAL_CONVERSION = YES;
				CLANG_WARN_OBJC_ROOT_CLASS = YES_ERROR;
				CLANG_WARN_QUOTED_INCLUDE_IN_FRAMEWORK_HEADER = YES;
				CLANG_WARN_RANGE_LOOP_ANALYSIS = YES;
				CLANG_WARN_STRICT_PROTOTYPES = YES;
				CLANG_WARN_SUSPICIOUS_MOVE = YES;
				CLANG_WARN_UNGUARDED_AVAILABILITY = YES_AGGRESSIVE;
				CLANG_WARN_UNREACHABLE_CODE = YES;
				CLANG_WARN__DUPLICATE_METHOD_MATCH = YES;
				COPY_PHASE_STRIP = NO;
				DEBUG_INFORMATION_FORMAT = dwarf;
				ENABLE_STRICT_OBJC_MSGSEND = YES;
				ENABLE_TESTABILITY = YES;
				GCC_C_LANGUAGE_STANDARD = gnu11;
				GCC_DYNAMIC_NO_PIC = NO;
				GCC_NO_COMMON_BLOCKS = YES;
				GCC_OPTIMIZATION_LEVEL = 0;
				GCC_PREPROCESSOR_DEFINITIONS = (
					"DEBUG=1",
					"$(inherited)",
				);
				GCC_WARN_64_TO_32_BIT_CONVERSION = YES;
				GCC_WARN_ABOUT_RETURN_TYPE = YES_ERROR;
				GCC_WARN_UNDECLARED_SELECTOR = YES;
				GCC_WARN_UNINITIALIZED_AUTOS = YES_AGGRESSIVE;
				GCC_WARN_UNUSED_FUNCTION = YES;
				GCC_WARN_UNUSED_VARIABLE = YES;
				IPHONEOS_DEPLOYMENT_TARGET = 15.5;
				MTL_ENABLE_DEBUG_INFO = INCLUDE_SOURCE;
				MTL_FAST_MATH = YES;
				ONLY_ACTIVE_ARCH = YES;
				SDKROOT = iphoneos;
				SWIFT_ACTIVE_COMPILATION_CONDITIONS = DEBUG;
				SWIFT_OPTIMIZATION_LEVEL = "-Onone";
			};
			name = Debug;
		};
		18167CEC29910A5E0065A271 /* Release */ = {
			isa = XCBuildConfiguration;
			buildSettings = {
				ALWAYS_SEARCH_USER_PATHS = NO;
				CLANG_ANALYZER_NONNULL = YES;
				CLANG_ANALYZER_NUMBER_OBJECT_CONVERSION = YES_AGGRESSIVE;
				CLANG_CXX_LANGUAGE_STANDARD = "gnu++17";
				CLANG_ENABLE_MODULES = YES;
				CLANG_ENABLE_OBJC_ARC = YES;
				CLANG_ENABLE_OBJC_WEAK = YES;
				CLANG_WARN_BLOCK_CAPTURE_AUTORELEASING = YES;
				CLANG_WARN_BOOL_CONVERSION = YES;
				CLANG_WARN_COMMA = YES;
				CLANG_WARN_CONSTANT_CONVERSION = YES;
				CLANG_WARN_DEPRECATED_OBJC_IMPLEMENTATIONS = YES;
				CLANG_WARN_DIRECT_OBJC_ISA_USAGE = YES_ERROR;
				CLANG_WARN_DOCUMENTATION_COMMENTS = YES;
				CLANG_WARN_EMPTY_BODY = YES;
				CLANG_WARN_ENUM_CONVERSION = YES;
				CLANG_WARN_INFINITE_RECURSION = YES;
				CLANG_WARN_INT_CONVERSION = YES;
				CLANG_WARN_NON_LITERAL_NULL_CONVERSION = YES;
				CLANG_WARN_OBJC_IMPLICIT_RETAIN_SELF = YES;
				CLANG_WARN_OBJC_LITERAL_CONVERSION = YES;
				CLANG_WARN_OBJC_ROOT_CLASS = YES_ERROR;
				CLANG_WARN_QUOTED_INCLUDE_IN_FRAMEWORK_HEADER = YES;
				CLANG_WARN_RANGE_LOOP_ANALYSIS = YES;
				CLANG_WARN_STRICT_PROTOTYPES = YES;
				CLANG_WARN_SUSPICIOUS_MOVE = YES;
				CLANG_WARN_UNGUARDED_AVAILABILITY = YES_AGGRESSIVE;
				CLANG_WARN_UNREACHABLE_CODE = YES;
				CLANG_WARN__DUPLICATE_METHOD_MATCH = YES;
				COPY_PHASE_STRIP = NO;
				DEBUG_INFORMATION_FORMAT = "dwarf-with-dsym";
				ENABLE_NS_ASSERTIONS = NO;
				ENABLE_STRICT_OBJC_MSGSEND = YES;
				GCC_C_LANGUAGE_STANDARD = gnu11;
				GCC_NO_COMMON_BLOCKS = YES;
				GCC_WARN_64_TO_32_BIT_CONVERSION = YES;
				GCC_WARN_ABOUT_RETURN_TYPE = YES_ERROR;
				GCC_WARN_UNDECLARED_SELECTOR = YES;
				GCC_WARN_UNINITIALIZED_AUTOS = YES_AGGRESSIVE;
				GCC_WARN_UNUSED_FUNCTION = YES;
				GCC_WARN_UNUSED_VARIABLE = YES;
				IPHONEOS_DEPLOYMENT_TARGET = 15.5;
				MTL_ENABLE_DEBUG_INFO = NO;
				MTL_FAST_MATH = YES;
				SDKROOT = iphoneos;
				SWIFT_COMPILATION_MODE = wholemodule;
				SWIFT_OPTIMIZATION_LEVEL = "-O";
				VALIDATE_PRODUCT = YES;
			};
			name = Release;
		};
		18167CEE29910A5E0065A271 /* Debug */ = {
			isa = XCBuildConfiguration;
			baseConfigurationReference = BCA7463454E38D697E5B5986 /* Pods-DD Rewards.debug.xcconfig */;
			buildSettings = {
				ASSETCATALOG_COMPILER_APPICON_NAME = AppIcon;
				ASSETCATALOG_COMPILER_GLOBAL_ACCENT_COLOR_NAME = AccentColor;
				CODE_SIGN_IDENTITY = "Apple Development";
				"CODE_SIGN_IDENTITY[sdk=iphoneos*]" = "iPhone Developer";
				CODE_SIGN_STYLE = Manual;
				CURRENT_PROJECT_VERSION = 1;
				DEVELOPMENT_TEAM = "";
				"DEVELOPMENT_TEAM[sdk=iphoneos*]" = J5MCF6VR6V;
				GENERATE_INFOPLIST_FILE = YES;
				INFOPLIST_FILE = "DD Rewards/Info.plist";
				INFOPLIST_KEY_CFBundleDisplayName = "Spin Master Rewards";
				INFOPLIST_KEY_NSUserTrackingUsageDescription = "This only uses device info for more interesting and relevant ads";
				INFOPLIST_KEY_UIApplicationSupportsIndirectInputEvents = YES;
				INFOPLIST_KEY_UILaunchStoryboardName = LaunchScreen;
				INFOPLIST_KEY_UISupportedInterfaceOrientations = UIInterfaceOrientationPortrait;
				IPHONEOS_DEPLOYMENT_TARGET = 13.0;
				LD_RUNPATH_SEARCH_PATHS = (
					"$(inherited)",
					"@executable_path/Frameworks",
				);
				MARKETING_VERSION = 1.0;
				PRODUCT_BUNDLE_IDENTIFIER = "com.theentertainerme.al-futtaim.ent";
				PRODUCT_NAME = "$(TARGET_NAME)";
				PROVISIONING_PROFILE_SPECIFIER = "";
				"PROVISIONING_PROFILE_SPECIFIER[sdk=iphoneos*]" = "Al Futtaim Development";
				SWIFT_EMIT_LOC_STRINGS = YES;
				SWIFT_VERSION = 5.0;
				TARGETED_DEVICE_FAMILY = "1,2";
			};
			name = Debug;
		};
		18167CEF29910A5E0065A271 /* Release */ = {
			isa = XCBuildConfiguration;
			baseConfigurationReference = 7D640F2A5B997EF8347A6583 /* Pods-DD Rewards.release.xcconfig */;
			buildSettings = {
				ASSETCATALOG_COMPILER_APPICON_NAME = AppIcon;
				ASSETCATALOG_COMPILER_GLOBAL_ACCENT_COLOR_NAME = AccentColor;
				CODE_SIGN_IDENTITY = "Apple Development";
				"CODE_SIGN_IDENTITY[sdk=iphoneos*]" = "iPhone Developer";
				CODE_SIGN_STYLE = Manual;
				CURRENT_PROJECT_VERSION = 1;
				DEVELOPMENT_TEAM = "";
				"DEVELOPMENT_TEAM[sdk=iphoneos*]" = J5MCF6VR6V;
				GENERATE_INFOPLIST_FILE = YES;
				INFOPLIST_FILE = "DD Rewards/Info.plist";
				INFOPLIST_KEY_CFBundleDisplayName = "Spin Master Rewards";
				INFOPLIST_KEY_NSUserTrackingUsageDescription = "This only uses device info for more interesting and relevant ads";
				INFOPLIST_KEY_UIApplicationSupportsIndirectInputEvents = YES;
				INFOPLIST_KEY_UILaunchStoryboardName = LaunchScreen;
				INFOPLIST_KEY_UISupportedInterfaceOrientations = UIInterfaceOrientationPortrait;
				IPHONEOS_DEPLOYMENT_TARGET = 13.0;
				LD_RUNPATH_SEARCH_PATHS = (
					"$(inherited)",
					"@executable_path/Frameworks",
				);
				MARKETING_VERSION = 1.0;
				PRODUCT_BUNDLE_IDENTIFIER = "com.theentertainerme.al-futtaim.ent";
				PRODUCT_NAME = "$(TARGET_NAME)";
				PROVISIONING_PROFILE_SPECIFIER = "";
				"PROVISIONING_PROFILE_SPECIFIER[sdk=iphoneos*]" = "Al Futtaim Development";
				SWIFT_EMIT_LOC_STRINGS = YES;
				SWIFT_VERSION = 5.0;
				TARGETED_DEVICE_FAMILY = "1,2";
			};
			name = Release;
		};
/* End XCBuildConfiguration section */

/* Begin XCConfigurationList section */
		18167CD429910A590065A271 /* Build configuration list for PBXProject "DD Rewards" */ = {
			isa = XCConfigurationList;
			buildConfigurations = (
				18167CEB29910A5E0065A271 /* Debug */,
				18167CEC29910A5E0065A271 /* Release */,
			);
			defaultConfigurationIsVisible = 0;
			defaultConfigurationName = Release;
		};
		18167CED29910A5E0065A271 /* Build configuration list for PBXNativeTarget "DD Rewards" */ = {
			isa = XCConfigurationList;
			buildConfigurations = (
				18167CEE29910A5E0065A271 /* Debug */,
				18167CEF29910A5E0065A271 /* Release */,
			);
			defaultConfigurationIsVisible = 0;
			defaultConfigurationName = Release;
		};
/* End XCConfigurationList section */
	};
	rootObject = 18167CD129910A590065A271 /* Project object */;
}
